
Microsoft Visual Studio Solution File, Format Version 12.00
# Visual Studio 15
VisualStudioVersion = 15.0.28010.2050
MinimumVisualStudioVersion = 10.0.40219.1
Project("{9A19103F-16F7-4668-BE54-9A1E7A4F7556}") = "ExamsSystem.Web", "ExamsSystem.Web\ExamsSystem.Web.csproj", "{2FF0F205-85BF-4EB6-8A1B-3453F64B1D83}"
EndProject
Project("{9A19103F-16F7-4668-BE54-9A1E7A4F7556}") = "ExamsSystem.Data.Models", "ExamsSystem.Data.Models\ExamsSystem.Data.Models.csproj", "{9834DEED-6D1A-4F5F-BCFB-7B682292BE63}"
EndProject
Project("{9A19103F-16F7-4668-BE54-9A1E7A4F7556}") = "ExamsSystem.Data.Interfaces", "ExamsSystem.Data.Interfaces\ExamsSystem.Data.Interfaces.csproj", "{DF36B48C-0F32-4B15-A753-63487E2496FA}"
EndProject
Project("{9A19103F-16F7-4668-BE54-9A1E7A4F7556}") = "ExamsSystem.Data.Implementation", "ExamsSystem.Data.Implementation\ExamsSystem.Data.Implementation.csproj", "{E8C90D6C-425A-47B4-BCC4-97C2AA7D5BE9}"
EndProject
Project("{9A19103F-16F7-4668-BE54-9A1E7A4F7556}") = "ExamsSystem.BusinessLogic.Models", "ExamsSystem.BusinessLogic.Models\ExamsSystem.BusinessLogic.Models.csproj", "{EB3422A9-9E91-49FC-B1F4-881B8DA8694D}"
EndProject
Project("{9A19103F-16F7-4668-BE54-9A1E7A4F7556}") = "ExamsSystem.BusinessLogic.Interfaces", "ExamsSystem.BusinessLogic.Interfaces\ExamsSystem.BusinessLogic.Interfaces.csproj", "{CDE1197A-B955-4316-AF76-50C727223EB7}"
EndProject
Project("{9A19103F-16F7-4668-BE54-9A1E7A4F7556}") = "ExamsSystem.BusinessLogic.Implementation", "ExamsSystem.BusinessLogic.Implementation\ExamsSystem.BusinessLogic.Implementation.csproj", "{67EE311A-F69A-49B6-882F-6C83F0A314A7}"
EndProject
Project("{9A19103F-16F7-4668-BE54-9A1E7A4F7556}") = "ExamsSystem.Data.Identity", "ExamsSystem.Data.Identity\ExamsSystem.Data.Identity.csproj", "{1401F494-C103-409C-A414-766031A886A9}"
EndProject
Project("{9A19103F-16F7-4668-BE54-9A1E7A4F7556}") = "ExamsSystem.Utils", "ExamsSystem.Utils\ExamsSystem.Utils.csproj", "{C0A74869-AB85-4389-8B41-FCC8D7AD334A}"
EndProject
Project("{9A19103F-16F7-4668-BE54-9A1E7A4F7556}") = "ExamsSystem.Ioc", "ExamsSystem.Ioc\ExamsSystem.Ioc.csproj", "{DC21030B-15AC-4FA7-8EC2-93573DAEB0A1}"
EndProject
Project("{9A19103F-16F7-4668-BE54-9A1E7A4F7556}") = "ExamSystem.Tests", "ExamSystem.Tests\ExamSystem.Tests.csproj", "{D4A59406-B26D-4151-850D-01B2AB0A5FCE}"
EndProject
Global
	GlobalSection(SolutionConfigurationPlatforms) = preSolution
		Debug|Any CPU = Debug|Any CPU
		Release|Any CPU = Release|Any CPU
	EndGlobalSection
	GlobalSection(ProjectConfigurationPlatforms) = postSolution
		{2FF0F205-85BF-4EB6-8A1B-3453F64B1D83}.Debug|Any CPU.ActiveCfg = Debug|Any CPU
		{2FF0F205-85BF-4EB6-8A1B-3453F64B1D83}.Debug|Any CPU.Build.0 = Debug|Any CPU
		{2FF0F205-85BF-4EB6-8A1B-3453F64B1D83}.Release|Any CPU.ActiveCfg = Release|Any CPU
		{2FF0F205-85BF-4EB6-8A1B-3453F64B1D83}.Release|Any CPU.Build.0 = Release|Any CPU
		{9834DEED-6D1A-4F5F-BCFB-7B682292BE63}.Debug|Any CPU.ActiveCfg = Debug|Any CPU
		{9834DEED-6D1A-4F5F-BCFB-7B682292BE63}.Debug|Any CPU.Build.0 = Debug|Any CPU
		{9834DEED-6D1A-4F5F-BCFB-7B682292BE63}.Release|Any CPU.ActiveCfg = Release|Any CPU
		{9834DEED-6D1A-4F5F-BCFB-7B682292BE63}.Release|Any CPU.Build.0 = Release|Any CPU
		{DF36B48C-0F32-4B15-A753-63487E2496FA}.Debug|Any CPU.ActiveCfg = Debug|Any CPU
		{DF36B48C-0F32-4B15-A753-63487E2496FA}.Debug|Any CPU.Build.0 = Debug|Any CPU
		{DF36B48C-0F32-4B15-A753-63487E2496FA}.Release|Any CPU.ActiveCfg = Release|Any CPU
		{DF36B48C-0F32-4B15-A753-63487E2496FA}.Release|Any CPU.Build.0 = Release|Any CPU
		{E8C90D6C-425A-47B4-BCC4-97C2AA7D5BE9}.Debug|Any CPU.ActiveCfg = Debug|Any CPU
		{E8C90D6C-425A-47B4-BCC4-97C2AA7D5BE9}.Debug|Any CPU.Build.0 = Debug|Any CPU
		{E8C90D6C-425A-47B4-BCC4-97C2AA7D5BE9}.Release|Any CPU.ActiveCfg = Release|Any CPU
		{E8C90D6C-425A-47B4-BCC4-97C2AA7D5BE9}.Release|Any CPU.Build.0 = Release|Any CPU
		{EB3422A9-9E91-49FC-B1F4-881B8DA8694D}.Debug|Any CPU.ActiveCfg = Debug|Any CPU
		{EB3422A9-9E91-49FC-B1F4-881B8DA8694D}.Debug|Any CPU.Build.0 = Debug|Any CPU
		{EB3422A9-9E91-49FC-B1F4-881B8DA8694D}.Release|Any CPU.ActiveCfg = Release|Any CPU
		{EB3422A9-9E91-49FC-B1F4-881B8DA8694D}.Release|Any CPU.Build.0 = Release|Any CPU
		{CDE1197A-B955-4316-AF76-50C727223EB7}.Debug|Any CPU.ActiveCfg = Debug|Any CPU
		{CDE1197A-B955-4316-AF76-50C727223EB7}.Debug|Any CPU.Build.0 = Debug|Any CPU
		{CDE1197A-B955-4316-AF76-50C727223EB7}.Release|Any CPU.ActiveCfg = Release|Any CPU
		{CDE1197A-B955-4316-AF76-50C727223EB7}.Release|Any CPU.Build.0 = Release|Any CPU
		{67EE311A-F69A-49B6-882F-6C83F0A314A7}.Debug|Any CPU.ActiveCfg = Debug|Any CPU
		{67EE311A-F69A-49B6-882F-6C83F0A314A7}.Debug|Any CPU.Build.0 = Debug|Any CPU
		{67EE311A-F69A-49B6-882F-6C83F0A314A7}.Release|Any CPU.ActiveCfg = Release|Any CPU
		{67EE311A-F69A-49B6-882F-6C83F0A314A7}.Release|Any CPU.Build.0 = Release|Any CPU
		{1401F494-C103-409C-A414-766031A886A9}.Debug|Any CPU.ActiveCfg = Debug|Any CPU
		{1401F494-C103-409C-A414-766031A886A9}.Debug|Any CPU.Build.0 = Debug|Any CPU
		{1401F494-C103-409C-A414-766031A886A9}.Release|Any CPU.ActiveCfg = Release|Any CPU
		{1401F494-C103-409C-A414-766031A886A9}.Release|Any CPU.Build.0 = Release|Any CPU
		{C0A74869-AB85-4389-8B41-FCC8D7AD334A}.Debug|Any CPU.ActiveCfg = Debug|Any CPU
		{C0A74869-AB85-4389-8B41-FCC8D7AD334A}.Debug|Any CPU.Build.0 = Debug|Any CPU
		{C0A74869-AB85-4389-8B41-FCC8D7AD334A}.Release|Any CPU.ActiveCfg = Release|Any CPU
		{C0A74869-AB85-4389-8B41-FCC8D7AD334A}.Release|Any CPU.Build.0 = Release|Any CPU
		{DC21030B-15AC-4FA7-8EC2-93573DAEB0A1}.Debug|Any CPU.ActiveCfg = Debug|Any CPU
		{DC21030B-15AC-4FA7-8EC2-93573DAEB0A1}.Debug|Any CPU.Build.0 = Debug|Any CPU
		{DC21030B-15AC-4FA7-8EC2-93573DAEB0A1}.Release|Any CPU.ActiveCfg = Release|Any CPU
		{DC21030B-15AC-4FA7-8EC2-93573DAEB0A1}.Release|Any CPU.Build.0 = Release|Any CPU
		{D4A59406-B26D-4151-850D-01B2AB0A5FCE}.Debug|Any CPU.ActiveCfg = Debug|Any CPU
		{D4A59406-B26D-4151-850D-01B2AB0A5FCE}.Debug|Any CPU.Build.0 = Debug|Any CPU
		{D4A59406-B26D-4151-850D-01B2AB0A5FCE}.Release|Any CPU.ActiveCfg = Release|Any CPU
		{D4A59406-B26D-4151-850D-01B2AB0A5FCE}.Release|Any CPU.Build.0 = Release|Any CPU
	EndGlobalSection
	GlobalSection(SolutionProperties) = preSolution
		HideSolutionNode = FALSE
	EndGlobalSection
	GlobalSection(ExtensibilityGlobals) = postSolution
		SolutionGuid = {D8154D3E-9F7E-4233-9D24-B16A0355146E}
	EndGlobalSection
EndGlobal
